
Microsoft Visual Studio Solution File, Format Version 12.00
# Visual Studio Version 16
VisualStudioVersion = 16.0.29911.84
MinimumVisualStudioVersion = 10.0.40219.1
Project("{FAE04EC0-301F-11D3-BF4B-00C04F79EFBC}") = "Fluent.API", "Fluent.API.csproj", "{9981B87D-97B1-4F8F-A20F-AD33A4A0F1D5}"
EndProject
Project("{FAE04EC0-301F-11D3-BF4B-00C04F79EFBC}") = "Fluent.DataRepository", "..\Fluent.DataRepository\Fluent.DataRepository.csproj", "{0E2968F0-43CE-4D6C-823F-EA8DCA63D688}"
EndProject
Project("{FAE04EC0-301F-11D3-BF4B-00C04F79EFBC}") = "Fluent.Entity", "..\Fluent.Entity\Fluent.Entity.csproj", "{406BCC0E-5722-4527-A98D-5AA6FE52ECD3}"
EndProject
Global
	GlobalSection(SolutionConfigurationPlatforms) = preSolution
		Debug|Any CPU = Debug|Any CPU
		Release|Any CPU = Release|Any CPU
	EndGlobalSection
	GlobalSection(ProjectConfigurationPlatforms) = postSolution
		{9981B87D-97B1-4F8F-A20F-AD33A4A0F1D5}.Debug|Any CPU.ActiveCfg = Debug|Any CPU
		{9981B87D-97B1-4F8F-A20F-AD33A4A0F1D5}.Debug|Any CPU.Build.0 = Debug|Any CPU
		{9981B87D-97B1-4F8F-A20F-AD33A4A0F1D5}.Release|Any CPU.ActiveCfg = Release|Any CPU
		{9981B87D-97B1-4F8F-A20F-AD33A4A0F1D5}.Release|Any CPU.Build.0 = Release|Any CPU
		{0E2968F0-43CE-4D6C-823F-EA8DCA63D688}.Debug|Any CPU.ActiveCfg = Debug|Any CPU
		{0E2968F0-43CE-4D6C-823F-EA8DCA63D688}.Debug|Any CPU.Build.0 = Debug|Any CPU
		{0E2968F0-43CE-4D6C-823F-EA8DCA63D688}.Release|Any CPU.ActiveCfg = Release|Any CPU
		{0E2968F0-43CE-4D6C-823F-EA8DCA63D688}.Release|Any CPU.Build.0 = Release|Any CPU
		{406BCC0E-5722-4527-A98D-5AA6FE52ECD3}.Debug|Any CPU.ActiveCfg = Debug|Any CPU
		{406BCC0E-5722-4527-A98D-5AA6FE52ECD3}.Debug|Any CPU.Build.0 = Debug|Any CPU
		{406BCC0E-5722-4527-A98D-5AA6FE52ECD3}.Release|Any CPU.ActiveCfg = Release|Any CPU
		{406BCC0E-5722-4527-A98D-5AA6FE52ECD3}.Release|Any CPU.Build.0 = Release|Any CPU
	EndGlobalSection
	GlobalSection(SolutionProperties) = preSolution
		HideSolutionNode = FALSE
	EndGlobalSection
	GlobalSection(ExtensibilityGlobals) = postSolution
		SolutionGuid = {19CFBBF6-2053-43F5-B555-71C0780F36AE}
	EndGlobalSection
EndGlobal
